
Microsoft Visual Studio Solution File, Format Version 12.00
# Visual Studio Version 17
VisualStudioVersion = 17.9.34616.47
MinimumVisualStudioVersion = 10.0.40219.1
Project("{FAE04EC0-301F-11D3-BF4B-00C04F79EFBC}") = "HealthCareWebApplication", "HealthCareWebApplication\HealthCareWebApplication.csproj", "{27AC65B4-5F09-439A-BB1F-32347CD1956C}"
EndProject
Global
	GlobalSection(SolutionConfigurationPlatforms) = preSolution
		Debug|Any CPU = Debug|Any CPU
		Release|Any CPU = Release|Any CPU
	EndGlobalSection
	GlobalSection(ProjectConfigurationPlatforms) = postSolution
		{27AC65B4-5F09-439A-BB1F-32347CD1956C}.Debug|Any CPU.ActiveCfg = Debug|Any CPU
		{27AC65B4-5F09-439A-BB1F-32347CD1956C}.Debug|Any CPU.Build.0 = Debug|Any CPU
		{27AC65B4-5F09-439A-BB1F-32347CD1956C}.Release|Any CPU.ActiveCfg = Release|Any CPU
		{27AC65B4-5F09-439A-BB1F-32347CD1956C}.Release|Any CPU.Build.0 = Release|Any CPU
	EndGlobalSection
	GlobalSection(SolutionProperties) = preSolution
		HideSolutionNode = FALSE
	EndGlobalSection
	GlobalSection(ExtensibilityGlobals) = postSolution
		SolutionGuid = {32E0C957-4EF1-453D-8B97-7A1B8FD2165B}
	EndGlobalSection
EndGlobal
